
Microsoft Visual Studio Solution File, Format Version 12.00
# Visual Studio Version 16
VisualStudioVersion = 16.0.29009.5
MinimumVisualStudioVersion = 10.0.40219.1
Project("{FAE04EC0-301F-11D3-BF4B-00C04F79EFBC}") = "N_m3u8DL-CLI-SimpleG", "N_m3u8DL-CLI-SimpleG\N_m3u8DL-CLI-SimpleG.csproj", "{527FA325-6ECD-40FB-A108-8C2747AE6BCD}"
EndProject
Global
	GlobalSection(SolutionConfigurationPlatforms) = preSolution
		Debug|Any CPU = Debug|Any CPU
		Release|Any CPU = Release|Any CPU
	EndGlobalSection
	GlobalSection(ProjectConfigurationPlatforms) = postSolution
		{527FA325-6ECD-40FB-A108-8C2747AE6BCD}.Debug|Any CPU.ActiveCfg = Debug|Any CPU
		{527FA325-6ECD-40FB-A108-8C2747AE6BCD}.Debug|Any CPU.Build.0 = Debug|Any CPU
		{527FA325-6ECD-40FB-A108-8C2747AE6BCD}.Release|Any CPU.ActiveCfg = Release|Any CPU
		{527FA325-6ECD-40FB-A108-8C2747AE6BCD}.Release|Any CPU.Build.0 = Release|Any CPU
	EndGlobalSection
	GlobalSection(SolutionProperties) = preSolution
		HideSolutionNode = FALSE
	EndGlobalSection
	GlobalSection(ExtensibilityGlobals) = postSolution
		SolutionGuid = {2AE62102-3D14-448F-8C53-811AF11AB5D3}
	EndGlobalSection
EndGlobal
